// !$*UTF8*$!
{
	archiveVersion = 1;
	classes = {
	};
	objectVersion = 55;
	objects = {

/* Begin PBXBuildFile section */
		F2468424980C2F7DAC66B20E /* Pods_DesafioJoinin.framework in Frameworks */ = {isa = PBXBuildFile; fileRef = DECFCCAC206168ECB36F98E9 /* Pods_DesafioJoinin.framework */; };
		FA8F23C92A85119D00B50DC8 /* ListCoordinator.swift in Sources */ = {isa = PBXBuildFile; fileRef = FA8F23C82A85119D00B50DC8 /* ListCoordinator.swift */; };
		FAA16E952A83D8430081F031 /* AppDelegate.swift in Sources */ = {isa = PBXBuildFile; fileRef = FAA16E942A83D8430081F031 /* AppDelegate.swift */; };
		FAA16E972A83D8430081F031 /* SceneDelegate.swift in Sources */ = {isa = PBXBuildFile; fileRef = FAA16E962A83D8430081F031 /* SceneDelegate.swift */; };
		FAA16E992A83D8430081F031 /* HomeViewController.swift in Sources */ = {isa = PBXBuildFile; fileRef = FAA16E982A83D8430081F031 /* HomeViewController.swift */; };
		FAA16E9E2A83D8460081F031 /* Assets.xcassets in Resources */ = {isa = PBXBuildFile; fileRef = FAA16E9D2A83D8460081F031 /* Assets.xcassets */; };
		FAA16EA12A83D8460081F031 /* LaunchScreen.storyboard in Resources */ = {isa = PBXBuildFile; fileRef = FAA16E9F2A83D8460081F031 /* LaunchScreen.storyboard */; };
		FAB5F69E2A83DCEF00F65990 /* ListViewController.swift in Sources */ = {isa = PBXBuildFile; fileRef = FAB5F69D2A83DCEF00F65990 /* ListViewController.swift */; };
		FAB5F6A12A83DD0800F65990 /* DetailViewController.swift in Sources */ = {isa = PBXBuildFile; fileRef = FAB5F6A02A83DD0800F65990 /* DetailViewController.swift */; };
		FAB5F6A32A83DD3500F65990 /* HomeView.swift in Sources */ = {isa = PBXBuildFile; fileRef = FAB5F6A22A83DD3500F65990 /* HomeView.swift */; };
		FAB5F6A52A83DD4400F65990 /* ListView.swift in Sources */ = {isa = PBXBuildFile; fileRef = FAB5F6A42A83DD4400F65990 /* ListView.swift */; };
		FAB5F6A72A83DD5000F65990 /* DetailView.swift in Sources */ = {isa = PBXBuildFile; fileRef = FAB5F6A62A83DD5000F65990 /* DetailView.swift */; };
		FAB5F6AD2A83F57F00F65990 /* Holiday.swift in Sources */ = {isa = PBXBuildFile; fileRef = FAB5F6AC2A83F57F00F65990 /* Holiday.swift */; };
		FAB5F6AF2A8406CE00F65990 /* HomeViewModel.swift in Sources */ = {isa = PBXBuildFile; fileRef = FAB5F6AE2A8406CE00F65990 /* HomeViewModel.swift */; };
		FAB5F6B12A8408CC00F65990 /* HomeCoordinator.swift in Sources */ = {isa = PBXBuildFile; fileRef = FAB5F6B02A8408CC00F65990 /* HomeCoordinator.swift */; };
		FAB5F6B32A84093100F65990 /* ListViewModel.swift in Sources */ = {isa = PBXBuildFile; fileRef = FAB5F6B22A84093100F65990 /* ListViewModel.swift */; };
		FAB5F6B72A8412B100F65990 /* ListHolidayTableViewCell.swift in Sources */ = {isa = PBXBuildFile; fileRef = FAB5F6B62A8412B100F65990 /* ListHolidayTableViewCell.swift */; };
		FAB5F6B92A8420DF00F65990 /* Service.swift in Sources */ = {isa = PBXBuildFile; fileRef = FAB5F6B82A8420DF00F65990 /* Service.swift */; };
		FAB5F6BB2A8420E700F65990 /* Country.swift in Sources */ = {isa = PBXBuildFile; fileRef = FAB5F6BA2A8420E700F65990 /* Country.swift */; };
		FAB5F6BD2A8421C500F65990 /* GenericService.swift in Sources */ = {isa = PBXBuildFile; fileRef = FAB5F6BC2A8421C500F65990 /* GenericService.swift */; };
		FAB5F6BF2A84312200F65990 /* YearPickerView.swift in Sources */ = {isa = PBXBuildFile; fileRef = FAB5F6BE2A84312200F65990 /* YearPickerView.swift */; };
		FAB5F6C12A844F4D00F65990 /* DetailViewModel.swift in Sources */ = {isa = PBXBuildFile; fileRef = FAB5F6C02A844F4D00F65990 /* DetailViewModel.swift */; };
		FAB5F6C32A844F9200F65990 /* DetailCoordinator.swift in Sources */ = {isa = PBXBuildFile; fileRef = FAB5F6C22A844F9200F65990 /* DetailCoordinator.swift */; };
/* End PBXBuildFile section */

/* Begin PBXFileReference section */
		C5765F68922940F7D35BA390 /* Pods-DesafioJoinin.debug.xcconfig */ = {isa = PBXFileReference; includeInIndex = 1; lastKnownFileType = text.xcconfig; name = "Pods-DesafioJoinin.debug.xcconfig"; path = "Target Support Files/Pods-DesafioJoinin/Pods-DesafioJoinin.debug.xcconfig"; sourceTree = "<group>"; };
		DECFCCAC206168ECB36F98E9 /* Pods_DesafioJoinin.framework */ = {isa = PBXFileReference; explicitFileType = wrapper.framework; includeInIndex = 0; path = Pods_DesafioJoinin.framework; sourceTree = BUILT_PRODUCTS_DIR; };
		E3DE1441E8263AA36F253F47 /* Pods-DesafioJoinin.release.xcconfig */ = {isa = PBXFileReference; includeInIndex = 1; lastKnownFileType = text.xcconfig; name = "Pods-DesafioJoinin.release.xcconfig"; path = "Target Support Files/Pods-DesafioJoinin/Pods-DesafioJoinin.release.xcconfig"; sourceTree = "<group>"; };
		FA8F23C82A85119D00B50DC8 /* ListCoordinator.swift */ = {isa = PBXFileReference; lastKnownFileType = sourcecode.swift; path = ListCoordinator.swift; sourceTree = "<group>"; };
		FAA16E912A83D8430081F031 /* DesafioJoinin.app */ = {isa = PBXFileReference; explicitFileType = wrapper.application; includeInIndex = 0; path = DesafioJoinin.app; sourceTree = BUILT_PRODUCTS_DIR; };
		FAA16E942A83D8430081F031 /* AppDelegate.swift */ = {isa = PBXFileReference; lastKnownFileType = sourcecode.swift; path = AppDelegate.swift; sourceTree = "<group>"; };
		FAA16E962A83D8430081F031 /* SceneDelegate.swift */ = {isa = PBXFileReference; lastKnownFileType = sourcecode.swift; path = SceneDelegate.swift; sourceTree = "<group>"; };
		FAA16E982A83D8430081F031 /* HomeViewController.swift */ = {isa = PBXFileReference; lastKnownFileType = sourcecode.swift; path = HomeViewController.swift; sourceTree = "<group>"; };
		FAA16E9D2A83D8460081F031 /* Assets.xcassets */ = {isa = PBXFileReference; lastKnownFileType = folder.assetcatalog; path = Assets.xcassets; sourceTree = "<group>"; };
		FAA16EA02A83D8460081F031 /* Base */ = {isa = PBXFileReference; lastKnownFileType = file.storyboard; name = Base; path = Base.lproj/LaunchScreen.storyboard; sourceTree = "<group>"; };
		FAA16EA22A83D8460081F031 /* Info.plist */ = {isa = PBXFileReference; lastKnownFileType = text.plist.xml; path = Info.plist; sourceTree = "<group>"; };
		FAB5F69D2A83DCEF00F65990 /* ListViewController.swift */ = {isa = PBXFileReference; lastKnownFileType = sourcecode.swift; path = ListViewController.swift; sourceTree = "<group>"; };
		FAB5F6A02A83DD0800F65990 /* DetailViewController.swift */ = {isa = PBXFileReference; lastKnownFileType = sourcecode.swift; path = DetailViewController.swift; sourceTree = "<group>"; };
		FAB5F6A22A83DD3500F65990 /* HomeView.swift */ = {isa = PBXFileReference; lastKnownFileType = sourcecode.swift; path = HomeView.swift; sourceTree = "<group>"; };
		FAB5F6A42A83DD4400F65990 /* ListView.swift */ = {isa = PBXFileReference; lastKnownFileType = sourcecode.swift; path = ListView.swift; sourceTree = "<group>"; };
		FAB5F6A62A83DD5000F65990 /* DetailView.swift */ = {isa = PBXFileReference; lastKnownFileType = sourcecode.swift; path = DetailView.swift; sourceTree = "<group>"; };
		FAB5F6AC2A83F57F00F65990 /* Holiday.swift */ = {isa = PBXFileReference; lastKnownFileType = sourcecode.swift; path = Holiday.swift; sourceTree = "<group>"; };
		FAB5F6AE2A8406CE00F65990 /* HomeViewModel.swift */ = {isa = PBXFileReference; lastKnownFileType = sourcecode.swift; path = HomeViewModel.swift; sourceTree = "<group>"; };
		FAB5F6B02A8408CC00F65990 /* HomeCoordinator.swift */ = {isa = PBXFileReference; lastKnownFileType = sourcecode.swift; path = HomeCoordinator.swift; sourceTree = "<group>"; };
		FAB5F6B22A84093100F65990 /* ListViewModel.swift */ = {isa = PBXFileReference; lastKnownFileType = sourcecode.swift; path = ListViewModel.swift; sourceTree = "<group>"; };
		FAB5F6B62A8412B100F65990 /* ListHolidayTableViewCell.swift */ = {isa = PBXFileReference; lastKnownFileType = sourcecode.swift; path = ListHolidayTableViewCell.swift; sourceTree = "<group>"; };
		FAB5F6B82A8420DF00F65990 /* Service.swift */ = {isa = PBXFileReference; lastKnownFileType = sourcecode.swift; path = Service.swift; sourceTree = "<group>"; };
		FAB5F6BA2A8420E700F65990 /* Country.swift */ = {isa = PBXFileReference; lastKnownFileType = sourcecode.swift; path = Country.swift; sourceTree = "<group>"; };
		FAB5F6BC2A8421C500F65990 /* GenericService.swift */ = {isa = PBXFileReference; lastKnownFileType = sourcecode.swift; path = GenericService.swift; sourceTree = "<group>"; };
		FAB5F6BE2A84312200F65990 /* YearPickerView.swift */ = {isa = PBXFileReference; lastKnownFileType = sourcecode.swift; path = YearPickerView.swift; sourceTree = "<group>"; };
		FAB5F6C02A844F4D00F65990 /* DetailViewModel.swift */ = {isa = PBXFileReference; lastKnownFileType = sourcecode.swift; path = DetailViewModel.swift; sourceTree = "<group>"; };
		FAB5F6C22A844F9200F65990 /* DetailCoordinator.swift */ = {isa = PBXFileReference; lastKnownFileType = sourcecode.swift; path = DetailCoordinator.swift; sourceTree = "<group>"; };
/* End PBXFileReference section */

/* Begin PBXFrameworksBuildPhase section */
		FAA16E8E2A83D8430081F031 /* Frameworks */ = {
			isa = PBXFrameworksBuildPhase;
			buildActionMask = 2147483647;
			files = (
				F2468424980C2F7DAC66B20E /* Pods_DesafioJoinin.framework in Frameworks */,
			);
			runOnlyForDeploymentPostprocessing = 0;
		};
/* End PBXFrameworksBuildPhase section */

/* Begin PBXGroup section */
		4BE913567437AD87454E1FDD /* Pods */ = {
			isa = PBXGroup;
			children = (
				C5765F68922940F7D35BA390 /* Pods-DesafioJoinin.debug.xcconfig */,
				E3DE1441E8263AA36F253F47 /* Pods-DesafioJoinin.release.xcconfig */,
			);
			path = Pods;
			sourceTree = "<group>";
		};
		4EE28EECE78C313F3309104B /* Frameworks */ = {
			isa = PBXGroup;
			children = (
				DECFCCAC206168ECB36F98E9 /* Pods_DesafioJoinin.framework */,
			);
			name = Frameworks;
			sourceTree = "<group>";
		};
		FAA16E882A83D8430081F031 = {
			isa = PBXGroup;
			children = (
				FAA16E932A83D8430081F031 /* DesafioJoinin */,
				FAA16E922A83D8430081F031 /* Products */,
				4BE913567437AD87454E1FDD /* Pods */,
				4EE28EECE78C313F3309104B /* Frameworks */,
			);
			sourceTree = "<group>";
		};
		FAA16E922A83D8430081F031 /* Products */ = {
			isa = PBXGroup;
			children = (
				FAA16E912A83D8430081F031 /* DesafioJoinin.app */,
			);
			name = Products;
			sourceTree = "<group>";
		};
		FAA16E932A83D8430081F031 /* DesafioJoinin */ = {
			isa = PBXGroup;
			children = (
				FAB5F6AB2A83F56D00F65990 /* Model */,
				FAB5F6A82A83DE9000F65990 /* Service */,
				FAB5F69C2A83DCCF00F65990 /* Detail */,
				FAB5F69B2A83DCC700F65990 /* List */,
				FAB5F69A2A83DCB700F65990 /* Home */,
				FAA16E942A83D8430081F031 /* AppDelegate.swift */,
				FAA16E962A83D8430081F031 /* SceneDelegate.swift */,
				FAA16E9D2A83D8460081F031 /* Assets.xcassets */,
				FAA16E9F2A83D8460081F031 /* LaunchScreen.storyboard */,
				FAA16EA22A83D8460081F031 /* Info.plist */,
				FAB5F6BE2A84312200F65990 /* YearPickerView.swift */,
			);
			path = DesafioJoinin;
			sourceTree = "<group>";
		};
		FAB5F69A2A83DCB700F65990 /* Home */ = {
			isa = PBXGroup;
			children = (
				FAB5F6B02A8408CC00F65990 /* HomeCoordinator.swift */,
				FAB5F6AE2A8406CE00F65990 /* HomeViewModel.swift */,
				FAA16E982A83D8430081F031 /* HomeViewController.swift */,
				FAB5F6A22A83DD3500F65990 /* HomeView.swift */,
			);
			path = Home;
			sourceTree = "<group>";
		};
		FAB5F69B2A83DCC700F65990 /* List */ = {
			isa = PBXGroup;
			children = (
				FA8F23C82A85119D00B50DC8 /* ListCoordinator.swift */,
				FAB5F6B22A84093100F65990 /* ListViewModel.swift */,
				FAB5F69D2A83DCEF00F65990 /* ListViewController.swift */,
				FAB5F6A42A83DD4400F65990 /* ListView.swift */,
				FAB5F6B62A8412B100F65990 /* ListHolidayTableViewCell.swift */,
			);
			path = List;
			sourceTree = "<group>";
		};
		FAB5F69C2A83DCCF00F65990 /* Detail */ = {
			isa = PBXGroup;
			children = (
				FAB5F6C22A844F9200F65990 /* DetailCoordinator.swift */,
				FAB5F6C02A844F4D00F65990 /* DetailViewModel.swift */,
				FAB5F6A02A83DD0800F65990 /* DetailViewController.swift */,
				FAB5F6A62A83DD5000F65990 /* DetailView.swift */,
			);
			path = Detail;
			sourceTree = "<group>";
		};
		FAB5F6A82A83DE9000F65990 /* Service */ = {
			isa = PBXGroup;
			children = (
				FAB5F6BC2A8421C500F65990 /* GenericService.swift */,
				FAB5F6B82A8420DF00F65990 /* Service.swift */,
			);
			path = Service;
			sourceTree = "<group>";
		};
		FAB5F6AB2A83F56D00F65990 /* Model */ = {
			isa = PBXGroup;
			children = (
				FAB5F6AC2A83F57F00F65990 /* Holiday.swift */,
				FAB5F6BA2A8420E700F65990 /* Country.swift */,
			);
			path = Model;
			sourceTree = "<group>";
		};
/* End PBXGroup section */

/* Begin PBXNativeTarget section */
		FAA16E902A83D8430081F031 /* DesafioJoinin */ = {
			isa = PBXNativeTarget;
			buildConfigurationList = FAA16EA52A83D8460081F031 /* Build configuration list for PBXNativeTarget "DesafioJoinin" */;
			buildPhases = (
				B3E36B1235097EB0139AE51C /* [CP] Check Pods Manifest.lock */,
				FAA16E8D2A83D8430081F031 /* Sources */,
				FAA16E8E2A83D8430081F031 /* Frameworks */,
				FAA16E8F2A83D8430081F031 /* Resources */,
				93360854466839D7582C8E4F /* [CP] Embed Pods Frameworks */,
			);
			buildRules = (
			);
			dependencies = (
			);
			name = DesafioJoinin;
			productName = DesafioJoinin;
			productReference = FAA16E912A83D8430081F031 /* DesafioJoinin.app */;
			productType = "com.apple.product-type.application";
		};
/* End PBXNativeTarget section */

/* Begin PBXProject section */
		FAA16E892A83D8430081F031 /* Project object */ = {
			isa = PBXProject;
			attributes = {
				BuildIndependentTargetsInParallel = 1;
				LastSwiftUpdateCheck = 1320;
				LastUpgradeCheck = 1320;
				TargetAttributes = {
					FAA16E902A83D8430081F031 = {
						CreatedOnToolsVersion = 13.2.1;
					};
				};
			};
			buildConfigurationList = FAA16E8C2A83D8430081F031 /* Build configuration list for PBXProject "DesafioJoinin" */;
			compatibilityVersion = "Xcode 13.0";
			developmentRegion = en;
			hasScannedForEncodings = 0;
			knownRegions = (
				en,
				Base,
			);
			mainGroup = FAA16E882A83D8430081F031;
			productRefGroup = FAA16E922A83D8430081F031 /* Products */;
			projectDirPath = "";
			projectRoot = "";
			targets = (
				FAA16E902A83D8430081F031 /* DesafioJoinin */,
			);
		};
/* End PBXProject section */

/* Begin PBXResourcesBuildPhase section */
		FAA16E8F2A83D8430081F031 /* Resources */ = {
			isa = PBXResourcesBuildPhase;
			buildActionMask = 2147483647;
			files = (
				FAA16EA12A83D8460081F031 /* LaunchScreen.storyboard in Resources */,
				FAA16E9E2A83D8460081F031 /* Assets.xcassets in Resources */,
			);
			runOnlyForDeploymentPostprocessing = 0;
		};
/* End PBXResourcesBuildPhase section */

/* Begin PBXShellScriptBuildPhase section */
		93360854466839D7582C8E4F /* [CP] Embed Pods Frameworks */ = {
			isa = PBXShellScriptBuildPhase;
			buildActionMask = 2147483647;
			files = (
			);
			inputFileListPaths = (
				"${PODS_ROOT}/Target Support Files/Pods-DesafioJoinin/Pods-DesafioJoinin-frameworks-${CONFIGURATION}-input-files.xcfilelist",
			);
			name = "[CP] Embed Pods Frameworks";
			outputFileListPaths = (
				"${PODS_ROOT}/Target Support Files/Pods-DesafioJoinin/Pods-DesafioJoinin-frameworks-${CONFIGURATION}-output-files.xcfilelist",
			);
			runOnlyForDeploymentPostprocessing = 0;
			shellPath = /bin/sh;
			shellScript = "\"${PODS_ROOT}/Target Support Files/Pods-DesafioJoinin/Pods-DesafioJoinin-frameworks.sh\"\n";
			showEnvVarsInLog = 0;
		};
		B3E36B1235097EB0139AE51C /* [CP] Check Pods Manifest.lock */ = {
			isa = PBXShellScriptBuildPhase;
			buildActionMask = 2147483647;
			files = (
			);
			inputFileListPaths = (
			);
			inputPaths = (
				"${PODS_PODFILE_DIR_PATH}/Podfile.lock",
				"${PODS_ROOT}/Manifest.lock",
			);
			name = "[CP] Check Pods Manifest.lock";
			outputFileListPaths = (
			);
			outputPaths = (
				"$(DERIVED_FILE_DIR)/Pods-DesafioJoinin-checkManifestLockResult.txt",
			);
			runOnlyForDeploymentPostprocessing = 0;
			shellPath = /bin/sh;
			shellScript = "diff \"${PODS_PODFILE_DIR_PATH}/Podfile.lock\" \"${PODS_ROOT}/Manifest.lock\" > /dev/null\nif [ $? != 0 ] ; then\n    # print error to STDERR\n    echo \"error: The sandbox is not in sync with the Podfile.lock. Run 'pod install' or update your CocoaPods installation.\" >&2\n    exit 1\nfi\n# This output is used by Xcode 'outputs' to avoid re-running this script phase.\necho \"SUCCESS\" > \"${SCRIPT_OUTPUT_FILE_0}\"\n";
			showEnvVarsInLog = 0;
		};
/* End PBXShellScriptBuildPhase section */

/* Begin PBXSourcesBuildPhase section */
		FAA16E8D2A83D8430081F031 /* Sources */ = {
			isa = PBXSourcesBuildPhase;
			buildActionMask = 2147483647;
			files = (
				FAA16E992A83D8430081F031 /* HomeViewController.swift in Sources */,
				FAB5F6AF2A8406CE00F65990 /* HomeViewModel.swift in Sources */,
				FAB5F6A72A83DD5000F65990 /* DetailView.swift in Sources */,
				FAB5F6C12A844F4D00F65990 /* DetailViewModel.swift in Sources */,
				FAB5F6B72A8412B100F65990 /* ListHolidayTableViewCell.swift in Sources */,
				FAA16E952A83D8430081F031 /* AppDelegate.swift in Sources */,
				FAB5F6A12A83DD0800F65990 /* DetailViewController.swift in Sources */,
				FAB5F6B92A8420DF00F65990 /* Service.swift in Sources */,
				FAB5F6B12A8408CC00F65990 /* HomeCoordinator.swift in Sources */,
				FAB5F6A52A83DD4400F65990 /* ListView.swift in Sources */,
				FAB5F6BF2A84312200F65990 /* YearPickerView.swift in Sources */,
				FAB5F6A32A83DD3500F65990 /* HomeView.swift in Sources */,
				FAB5F6BD2A8421C500F65990 /* GenericService.swift in Sources */,
				FAB5F6BB2A8420E700F65990 /* Country.swift in Sources */,
				FAB5F6B32A84093100F65990 /* ListViewModel.swift in Sources */,
				FAB5F6C32A844F9200F65990 /* DetailCoordinator.swift in Sources */,
				FA8F23C92A85119D00B50DC8 /* ListCoordinator.swift in Sources */,
				FAB5F69E2A83DCEF00F65990 /* ListViewController.swift in Sources */,
				FAB5F6AD2A83F57F00F65990 /* Holiday.swift in Sources */,
				FAA16E972A83D8430081F031 /* SceneDelegate.swift in Sources */,
			);
			runOnlyForDeploymentPostprocessing = 0;
		};
/* End PBXSourcesBuildPhase section */

/* Begin PBXVariantGroup section */
		FAA16E9F2A83D8460081F031 /* LaunchScreen.storyboard */ = {
			isa = PBXVariantGroup;
			children = (
				FAA16EA02A83D8460081F031 /* Base */,
			);
			name = LaunchScreen.storyboard;
			sourceTree = "<group>";
		};
/* End PBXVariantGroup section */

/* Begin XCBuildConfiguration section */
		FAA16EA32A83D8460081F031 /* Debug */ = {
			isa = XCBuildConfiguration;
			buildSettings = {
				ALWAYS_SEARCH_USER_PATHS = NO;
				CLANG_ANALYZER_NONNULL = YES;
				CLANG_ANALYZER_NUMBER_OBJECT_CONVERSION = YES_AGGRESSIVE;
				CLANG_CXX_LANGUAGE_STANDARD = "gnu++17";
				CLANG_CXX_LIBRARY = "libc++";
				CLANG_ENABLE_MODULES = YES;
				CLANG_ENABLE_OBJC_ARC = YES;
				CLANG_ENABLE_OBJC_WEAK = YES;
				CLANG_WARN_BLOCK_CAPTURE_AUTORELEASING = YES;
				CLANG_WARN_BOOL_CONVERSION = YES;
				CLANG_WARN_COMMA = YES;
				CLANG_WARN_CONSTANT_CONVERSION = YES;
				CLANG_WARN_DEPRECATED_OBJC_IMPLEMENTATIONS = YES;
				CLANG_WARN_DIRECT_OBJC_ISA_USAGE = YES_ERROR;
				CLANG_WARN_DOCUMENTATION_COMMENTS = YES;
				CLANG_WARN_EMPTY_BODY = YES;
				CLANG_WARN_ENUM_CONVERSION = YES;
				CLANG_WARN_INFINITE_RECURSION = YES;
				CLANG_WARN_INT_CONVERSION = YES;
				CLANG_WARN_NON_LITERAL_NULL_CONVERSION = YES;
				CLANG_WARN_OBJC_IMPLICIT_RETAIN_SELF = YES;
				CLANG_WARN_OBJC_LITERAL_CONVERSION = YES;
				CLANG_WARN_OBJC_ROOT_CLASS = YES_ERROR;
				CLANG_WARN_QUOTED_INCLUDE_IN_FRAMEWORK_HEADER = YES;
				CLANG_WARN_RANGE_LOOP_ANALYSIS = YES;
				CLANG_WARN_STRICT_PROTOTYPES = YES;
				CLANG_WARN_SUSPICIOUS_MOVE = YES;
				CLANG_WARN_UNGUARDED_AVAILABILITY = YES_AGGRESSIVE;
				CLANG_WARN_UNREACHABLE_CODE = YES;
				CLANG_WARN__DUPLICATE_METHOD_MATCH = YES;
				COPY_PHASE_STRIP = NO;
				DEBUG_INFORMATION_FORMAT = dwarf;
				ENABLE_STRICT_OBJC_MSGSEND = YES;
				ENABLE_TESTABILITY = YES;
				GCC_C_LANGUAGE_STANDARD = gnu11;
				GCC_DYNAMIC_NO_PIC = NO;
				GCC_NO_COMMON_BLOCKS = YES;
				GCC_OPTIMIZATION_LEVEL = 0;
				GCC_PREPROCESSOR_DEFINITIONS = (
					"DEBUG=1",
					"$(inherited)",
				);
				GCC_WARN_64_TO_32_BIT_CONVERSION = YES;
				GCC_WARN_ABOUT_RETURN_TYPE = YES_ERROR;
				GCC_WARN_UNDECLARED_SELECTOR = YES;
				GCC_WARN_UNINITIALIZED_AUTOS = YES_AGGRESSIVE;
				GCC_WARN_UNUSED_FUNCTION = YES;
				GCC_WARN_UNUSED_VARIABLE = YES;
				IPHONEOS_DEPLOYMENT_TARGET = 15.2;
				MTL_ENABLE_DEBUG_INFO = INCLUDE_SOURCE;
				MTL_FAST_MATH = YES;
				ONLY_ACTIVE_ARCH = YES;
				SDKROOT = iphoneos;
				SWIFT_ACTIVE_COMPILATION_CONDITIONS = DEBUG;
				SWIFT_OPTIMIZATION_LEVEL = "-Onone";
			};
			name = Debug;
		};
		FAA16EA42A83D8460081F031 /* Release */ = {
			isa = XCBuildConfiguration;
			buildSettings = {
				ALWAYS_SEARCH_USER_PATHS = NO;
				CLANG_ANALYZER_NONNULL = YES;
				CLANG_ANALYZER_NUMBER_OBJECT_CONVERSION = YES_AGGRESSIVE;
				CLANG_CXX_LANGUAGE_STANDARD = "gnu++17";
				CLANG_CXX_LIBRARY = "libc++";
				CLANG_ENABLE_MODULES = YES;
				CLANG_ENABLE_OBJC_ARC = YES;
				CLANG_ENABLE_OBJC_WEAK = YES;
				CLANG_WARN_BLOCK_CAPTURE_AUTORELEASING = YES;
				CLANG_WARN_BOOL_CONVERSION = YES;
				CLANG_WARN_COMMA = YES;
				CLANG_WARN_CONSTANT_CONVERSION = YES;
				CLANG_WARN_DEPRECATED_OBJC_IMPLEMENTATIONS = YES;
				CLANG_WARN_DIRECT_OBJC_ISA_USAGE = YES_ERROR;
				CLANG_WARN_DOCUMENTATION_COMMENTS = YES;
				CLANG_WARN_EMPTY_BODY = YES;
				CLANG_WARN_ENUM_CONVERSION = YES;
				CLANG_WARN_INFINITE_RECURSION = YES;
				CLANG_WARN_INT_CONVERSION = YES;
				CLANG_WARN_NON_LITERAL_NULL_CONVERSION = YES;
				CLANG_WARN_OBJC_IMPLICIT_RETAIN_SELF = YES;
				CLANG_WARN_OBJC_LITERAL_CONVERSION = YES;
				CLANG_WARN_OBJC_ROOT_CLASS = YES_ERROR;
				CLANG_WARN_QUOTED_INCLUDE_IN_FRAMEWORK_HEADER = YES;
				CLANG_WARN_RANGE_LOOP_ANALYSIS = YES;
				CLANG_WARN_STRICT_PROTOTYPES = YES;
				CLANG_WARN_SUSPICIOUS_MOVE = YES;
				CLANG_WARN_UNGUARDED_AVAILABILITY = YES_AGGRESSIVE;
				CLANG_WARN_UNREACHABLE_CODE = YES;
				CLANG_WARN__DUPLICATE_METHOD_MATCH = YES;
				COPY_PHASE_STRIP = NO;
				DEBUG_INFORMATION_FORMAT = "dwarf-with-dsym";
				ENABLE_NS_ASSERTIONS = NO;
				ENABLE_STRICT_OBJC_MSGSEND = YES;
				GCC_C_LANGUAGE_STANDARD = gnu11;
				GCC_NO_COMMON_BLOCKS = YES;
				GCC_WARN_64_TO_32_BIT_CONVERSION = YES;
				GCC_WARN_ABOUT_RETURN_TYPE = YES_ERROR;
				GCC_WARN_UNDECLARED_SELECTOR = YES;
				GCC_WARN_UNINITIALIZED_AUTOS = YES_AGGRESSIVE;
				GCC_WARN_UNUSED_FUNCTION = YES;
				GCC_WARN_UNUSED_VARIABLE = YES;
				IPHONEOS_DEPLOYMENT_TARGET = 15.2;
				MTL_ENABLE_DEBUG_INFO = NO;
				MTL_FAST_MATH = YES;
				SDKROOT = iphoneos;
				SWIFT_COMPILATION_MODE = wholemodule;
				SWIFT_OPTIMIZATION_LEVEL = "-O";
				VALIDATE_PRODUCT = YES;
			};
			name = Release;
		};
		FAA16EA62A83D8460081F031 /* Debug */ = {
			isa = XCBuildConfiguration;
			baseConfigurationReference = C5765F68922940F7D35BA390 /* Pods-DesafioJoinin.debug.xcconfig */;
			buildSettings = {
				ASSETCATALOG_COMPILER_APPICON_NAME = AppIcon;
				ASSETCATALOG_COMPILER_GLOBAL_ACCENT_COLOR_NAME = AccentColor;
				CODE_SIGN_STYLE = Automatic;
				CURRENT_PROJECT_VERSION = 1;
				DEVELOPMENT_TEAM = FR8BBNFFSR;
				GENERATE_INFOPLIST_FILE = YES;
				INFOPLIST_FILE = DesafioJoinin/Info.plist;
				INFOPLIST_KEY_UIApplicationSupportsIndirectInputEvents = YES;
				INFOPLIST_KEY_UILaunchStoryboardName = LaunchScreen;
				INFOPLIST_KEY_UISupportedInterfaceOrientations_iPad = "UIInterfaceOrientationPortrait UIInterfaceOrientationPortraitUpsideDown UIInterfaceOrientationLandscapeLeft UIInterfaceOrientationLandscapeRight";
				INFOPLIST_KEY_UISupportedInterfaceOrientations_iPhone = "UIInterfaceOrientationPortrait UIInterfaceOrientationLandscapeLeft UIInterfaceOrientationLandscapeRight";
				LD_RUNPATH_SEARCH_PATHS = (
					"$(inherited)",
					"@executable_path/Frameworks",
				);
				MARKETING_VERSION = 1.0;
				PRODUCT_BUNDLE_IDENTIFIER = com.igorfortti.DesafioJoinin;
				PRODUCT_NAME = "$(TARGET_NAME)";
				SWIFT_EMIT_LOC_STRINGS = YES;
				SWIFT_VERSION = 5.0;
				TARGETED_DEVICE_FAMILY = "1,2";
			};
			name = Debug;
		};
		FAA16EA72A83D8460081F031 /* Release */ = {
			isa = XCBuildConfiguration;
			baseConfigurationReference = E3DE1441E8263AA36F253F47 /* Pods-DesafioJoinin.release.xcconfig */;
			buildSettings = {
				ASSETCATALOG_COMPILER_APPICON_NAME = AppIcon;
				ASSETCATALOG_COMPILER_GLOBAL_ACCENT_COLOR_NAME = AccentColor;
				CODE_SIGN_STYLE = Automatic;
				CURRENT_PROJECT_VERSION = 1;
				DEVELOPMENT_TEAM = FR8BBNFFSR;
				GENERATE_INFOPLIST_FILE = YES;
				INFOPLIST_FILE = DesafioJoinin/Info.plist;
				INFOPLIST_KEY_UIApplicationSupportsIndirectInputEvents = YES;
				INFOPLIST_KEY_UILaunchStoryboardName = LaunchScreen;
				INFOPLIST_KEY_UISupportedInterfaceOrientations_iPad = "UIInterfaceOrientationPortrait UIInterfaceOrientationPortraitUpsideDown UIInterfaceOrientationLandscapeLeft UIInterfaceOrientationLandscapeRight";
				INFOPLIST_KEY_UISupportedInterfaceOrientations_iPhone = "UIInterfaceOrientationPortrait UIInterfaceOrientationLandscapeLeft UIInterfaceOrientationLandscapeRight";
				LD_RUNPATH_SEARCH_PATHS = (
					"$(inherited)",
					"@executable_path/Frameworks",
				);
				MARKETING_VERSION = 1.0;
				PRODUCT_BUNDLE_IDENTIFIER = com.igorfortti.DesafioJoinin;
				PRODUCT_NAME = "$(TARGET_NAME)";
				SWIFT_EMIT_LOC_STRINGS = YES;
				SWIFT_VERSION = 5.0;
				TARGETED_DEVICE_FAMILY = "1,2";
			};
			name = Release;
		};
/* End XCBuildConfiguration section */

/* Begin XCConfigurationList section */
		FAA16E8C2A83D8430081F031 /* Build configuration list for PBXProject "DesafioJoinin" */ = {
			isa = XCConfigurationList;
			buildConfigurations = (
				FAA16EA32A83D8460081F031 /* Debug */,
				FAA16EA42A83D8460081F031 /* Release */,
			);
			defaultConfigurationIsVisible = 0;
			defaultConfigurationName = Release;
		};
		FAA16EA52A83D8460081F031 /* Build configuration list for PBXNativeTarget "DesafioJoinin" */ = {
			isa = XCConfigurationList;
			buildConfigurations = (
				FAA16EA62A83D8460081F031 /* Debug */,
				FAA16EA72A83D8460081F031 /* Release */,
			);
			defaultConfigurationIsVisible = 0;
			defaultConfigurationName = Release;
		};
/* End XCConfigurationList section */
	};
	rootObject = FAA16E892A83D8430081F031 /* Project object */;
}
